Microsoft Visual Studio Solution File, Format Version 12.00
# Visual Studio Version 17
VisualStudioVersion = 17.5.2.0
MinimumVisualStudioVersion = 10.0.40219.1
Project("{FAE04EC0-301F-11D3-BF4B-00C04F79EFBC}") = "LeaveApi", "LeaveApi.csproj", "{4CEECDAF-1C2A-9B2F-860D-B86F49C90414}"
EndProject
Global
	GlobalSection(SolutionConfigurationPlatforms) = preSolution
		Debug|Any CPU = Debug|Any CPU
		Release|Any CPU = Release|Any CPU
	EndGlobalSection
	GlobalSection(ProjectConfigurationPlatforms) = postSolution
		{4CEECDAF-1C2A-9B2F-860D-B86F49C90414}.Debug|Any CPU.ActiveCfg = Debug|Any CPU
		{4CEECDAF-1C2A-9B2F-860D-B86F49C90414}.Debug|Any CPU.Build.0 = Debug|Any CPU
		{4CEECDAF-1C2A-9B2F-860D-B86F49C90414}.Release|Any CPU.ActiveCfg = Release|Any CPU
		{4CEECDAF-1C2A-9B2F-860D-B86F49C90414}.Release|Any CPU.Build.0 = Release|Any CPU
	EndGlobalSection
	GlobalSection(SolutionProperties) = preSolution
		HideSolutionNode = FALSE
	EndGlobalSection
	GlobalSection(ExtensibilityGlobals) = postSolution
		SolutionGuid = {80BAF796-08CA-439E-9587-E039F7F27E3F}
	EndGlobalSection
EndGlobal
